
Microsoft Visual Studio Solution File, Format Version 12.00
# Visual Studio 15
VisualStudioVersion = 15.0.28307.329
MinimumVisualStudioVersion = 10.0.40219.1
Project("{FAE04EC0-301F-11D3-BF4B-00C04F79EFBC}") = "A21 Ex01 Sharon 323600296 Tomer 205972946", "A21 Ex01 Sharon 323600296 Tomer 205972946\A21 Ex01 Sharon 323600296 Tomer 205972946.csproj", "{D5B4CF28-FDC3-4875-907A-2BFC70347913}"
EndProject
Global
	GlobalSection(SolutionConfigurationPlatforms) = preSolution
		Debug|Any CPU = Debug|Any CPU
		Release|Any CPU = Release|Any CPU
	EndGlobalSection
	GlobalSection(ProjectConfigurationPlatforms) = postSolution
		{D5B4CF28-FDC3-4875-907A-2BFC70347913}.Debug|Any CPU.ActiveCfg = Debug|Any CPU
		{D5B4CF28-FDC3-4875-907A-2BFC70347913}.Debug|Any CPU.Build.0 = Debug|Any CPU
		{D5B4CF28-FDC3-4875-907A-2BFC70347913}.Release|Any CPU.ActiveCfg = Release|Any CPU
		{D5B4CF28-FDC3-4875-907A-2BFC70347913}.Release|Any CPU.Build.0 = Release|Any CPU
	EndGlobalSection
	GlobalSection(SolutionProperties) = preSolution
		HideSolutionNode = FALSE
	EndGlobalSection
	GlobalSection(ExtensibilityGlobals) = postSolution
		SolutionGuid = {967FA949-82C4-4A59-A02C-F8712FE34C97}
	EndGlobalSection
EndGlobal
